
Microsoft Visual Studio Solution File, Format Version 12.00
# Visual Studio Version 17
VisualStudioVersion = 17.10.35013.160
MinimumVisualStudioVersion = 10.0.40219.1
Project("{FAE04EC0-301F-11D3-BF4B-00C04F79EFBC}") = "WebAspMvc", "WebAspMvc.csproj", "{1C656D47-5ABF-4272-A0AD-998438F9DABC}"
EndProject
Global
	GlobalSection(SolutionConfigurationPlatforms) = preSolution
		Debug|Any CPU = Debug|Any CPU
		Release|Any CPU = Release|Any CPU
	EndGlobalSection
	GlobalSection(ProjectConfigurationPlatforms) = postSolution
		{1C656D47-5ABF-4272-A0AD-998438F9DABC}.Debug|Any CPU.ActiveCfg = Debug|Any CPU
		{1C656D47-5ABF-4272-A0AD-998438F9DABC}.Debug|Any CPU.Build.0 = Debug|Any CPU
		{1C656D47-5ABF-4272-A0AD-998438F9DABC}.Release|Any CPU.ActiveCfg = Release|Any CPU
		{1C656D47-5ABF-4272-A0AD-998438F9DABC}.Release|Any CPU.Build.0 = Release|Any CPU
	EndGlobalSection
	GlobalSection(SolutionProperties) = preSolution
		HideSolutionNode = FALSE
	EndGlobalSection
	GlobalSection(ExtensibilityGlobals) = postSolution
		SolutionGuid = {C87A2376-2D49-41DA-9DA7-70CE0D60BB8F}
	EndGlobalSection
EndGlobal
